
Microsoft Visual Studio Solution File, Format Version 12.00
# Visual Studio Version 17
VisualStudioVersion = 17.8.34309.116
MinimumVisualStudioVersion = 10.0.40219.1
Project("{FAE04EC0-301F-11D3-BF4B-00C04F79EFBC}") = "StudentManagementApi", "StudentManagementApi\StudentManagementApi.csproj", "{5DA3352B-68C8-451B-8DEE-EE6AE7B6D410}"
EndProject
Global
	GlobalSection(SolutionConfigurationPlatforms) = preSolution
		Debug|Any CPU = Debug|Any CPU
		Release|Any CPU = Release|Any CPU
	EndGlobalSection
	GlobalSection(ProjectConfigurationPlatforms) = postSolution
		{5DA3352B-68C8-451B-8DEE-EE6AE7B6D410}.Debug|Any CPU.ActiveCfg = Debug|Any CPU
		{5DA3352B-68C8-451B-8DEE-EE6AE7B6D410}.Debug|Any CPU.Build.0 = Debug|Any CPU
		{5DA3352B-68C8-451B-8DEE-EE6AE7B6D410}.Release|Any CPU.ActiveCfg = Release|Any CPU
		{5DA3352B-68C8-451B-8DEE-EE6AE7B6D410}.Release|Any CPU.Build.0 = Release|Any CPU
	EndGlobalSection
	GlobalSection(SolutionProperties) = preSolution
		HideSolutionNode = FALSE
	EndGlobalSection
	GlobalSection(ExtensibilityGlobals) = postSolution
		SolutionGuid = {669332FF-F628-47E8-A542-0EE12568B38A}
	EndGlobalSection
EndGlobal
